{
  "name": "ecommers",
  "lockfileVersion": 3,
  "requires": true,
  "packages": {
    "": {
      "dependencies": {
        "typemoq": "^2.1.0"
      }
    },
    "node_modules/circular-json": {
      "version": "0.3.3",
      "resolved": "https://registry.npmjs.org/circular-json/-/circular-json-0.3.3.tgz",
      "integrity": "sha512-UZK3NBx2Mca+b5LsG7bY183pHWt5Y1xts4P3Pz7ENTwGVnJOUWbRb3ocjvX7hx9tq/yTAdclXm9sZ38gNuem4A==",
      "deprecated": "CircularJSON is in maintenance only, flatted is its successor."
    },
    "node_modules/lodash": {
      "version": "4.17.21",
      "resolved": "https://registry.npmjs.org/lodash/-/lodash-4.17.21.tgz",
      "integrity": "sha512-v2kDEe57lecTulaDIuNTPy3Ry4gLGJ6Z1O3vE1krgXZNrsQ+LFTGHVxVjcXPs17LhbZVGedAJv8XZ1tvj5FvSg=="
    },
    "node_modules/postinstall-build": {
      "version": "5.0.3",
      "resolved": "https://registry.npmjs.org/postinstall-build/-/postinstall-build-5.0.3.tgz",
      "integrity": "sha512-vPvPe8TKgp4FLgY3+DfxCE5PIfoXBK2lyLfNCxsRbDsV6vS4oU5RG/IWxrblMn6heagbnMED3MemUQllQ2bQUg==",
      "deprecated": "postinstall-build's behavior is now built into npm! You should migrate off of postinstall-build and use the new `prepare` lifecycle script with npm 5.0.0 or greater.",
      "bin": {
        "postinstall-build": "cli.js"
      }
    },
    "node_modules/typemoq": {
      "version": "2.1.0",
      "resolved": "https://registry.npmjs.org/typemoq/-/typemoq-2.1.0.tgz",
      "integrity": "sha512-DtRNLb7x8yCTv/KHlwes+NI+aGb4Vl1iPC63Hhtcvk1DpxSAZzKWQv0RQFY0jX2Uqj0SDBNl8Na4e6MV6TNDgw==",
      "hasInstallScript": true,
      "dependencies": {
        "circular-json": "^0.3.1",
        "lodash": "^4.17.4",
        "postinstall-build": "^5.0.1"
      },
      "engines": {
        "node": ">=6.0.0"
      }
    }
  }
}
